
Microsoft Visual Studio Solution File, Format Version 12.00
# Visual Studio Version 17
VisualStudioVersion = 17.6.33723.286
MinimumVisualStudioVersion = 10.0.40219.1
Project("{FAE04EC0-301F-11D3-BF4B-00C04F79EFBC}") = "SpaceInvaders", "SpaceInvaders\SpaceInvaders.csproj", "{C9467F4B-FD65-4B4E-B573-5D46BBB4329B}"
EndProject
Global
	GlobalSection(SolutionConfigurationPlatforms) = preSolution
		Debug|Any CPU = Debug|Any CPU
		Release|Any CPU = Release|Any CPU
	EndGlobalSection
	GlobalSection(ProjectConfigurationPlatforms) = postSolution
		{C9467F4B-FD65-4B4E-B573-5D46BBB4329B}.Debug|Any CPU.ActiveCfg = Debug|Any CPU
		{C9467F4B-FD65-4B4E-B573-5D46BBB4329B}.Debug|Any CPU.Build.0 = Debug|Any CPU
		{C9467F4B-FD65-4B4E-B573-5D46BBB4329B}.Release|Any CPU.ActiveCfg = Release|Any CPU
		{C9467F4B-FD65-4B4E-B573-5D46BBB4329B}.Release|Any CPU.Build.0 = Release|Any CPU
	EndGlobalSection
	GlobalSection(SolutionProperties) = preSolution
		HideSolutionNode = FALSE
	EndGlobalSection
	GlobalSection(ExtensibilityGlobals) = postSolution
		SolutionGuid = {B644DE06-E59C-47F4-BFE2-9A218387782B}
	EndGlobalSection
EndGlobal
